// !$*UTF8*$!
{
	archiveVersion = 1;
	classes = {
	};
	objectVersion = 46;
	objects = {

/* Begin PBXBuildFile section */
		3EC58BC11D1A944A005DB5BD /* main.cpp in Sources */ = {isa = PBXBuildFile; fileRef = 3EC58BC01D1A944A005DB5BD /* main.cpp */; };
		3EC58BE81D1ACDD7005DB5BD /* tinyxml2.cpp in Sources */ = {isa = PBXBuildFile; fileRef = 3EC58BE61D1ACDD7005DB5BD /* tinyxml2.cpp */; };
		3EC58BEE1D1B15F4005DB5BD /* algorithm.cpp in Sources */ = {isa = PBXBuildFile; fileRef = 3EC58BEC1D1B15F4005DB5BD /* algorithm.cpp */; };
		3ED4AF221D1BCDB90051A381 /* treasureResult.cpp in Sources */ = {isa = PBXBuildFile; fileRef = 3EC58BE91D1AD9A4005DB5BD /* treasureResult.cpp */; };
/* End PBXBuildFile section */

/* Begin PBXCopyFilesBuildPhase section */
		3EC58BBB1D1A944A005DB5BD /* CopyFiles */ = {
			isa = PBXCopyFilesBuildPhase;
			buildActionMask = 2147483647;
			dstPath = /usr/share/man/man1/;
			dstSubfolderSpec = 0;
			files = (
			);
			runOnlyForDeploymentPostprocessing = 1;
		};
/* End PBXCopyFilesBuildPhase section */

/* Begin PBXFileReference section */
		3EC0084B1D1C8899007066DC /* combinator.cpp */ = {isa = PBXFileReference; fileEncoding = 4; lastKnownFileType = sourcecode.cpp.cpp; path = combinator.cpp; sourceTree = "<group>"; };
		3EC0084D1D1C88EF007066DC /* postFormData.cpp */ = {isa = PBXFileReference; fileEncoding = 4; lastKnownFileType = sourcecode.cpp.cpp; path = postFormData.cpp; sourceTree = "<group>"; };
		3EC58BBD1D1A944A005DB5BD /* Hackday-search-treasure */ = {isa = PBXFileReference; explicitFileType = "compiled.mach-o.executable"; includeInIndex = 0; path = "Hackday-search-treasure"; sourceTree = BUILT_PRODUCTS_DIR; };
		3EC58BC01D1A944A005DB5BD /* main.cpp */ = {isa = PBXFileReference; lastKnownFileType = sourcecode.cpp.cpp; path = main.cpp; sourceTree = "<group>"; };
		3EC58BE61D1ACDD7005DB5BD /* tinyxml2.cpp */ = {isa = PBXFileReference; fileEncoding = 4; lastKnownFileType = sourcecode.cpp.cpp; name = tinyxml2.cpp; path = Library/tinyxml2.cpp; sourceTree = SOURCE_ROOT; };
		3EC58BE71D1ACDD7005DB5BD /* tinyxml2.h */ = {isa = PBXFileReference; fileEncoding = 4; lastKnownFileType = sourcecode.c.h; name = tinyxml2.h; path = Library/tinyxml2.h; sourceTree = SOURCE_ROOT; };
		3EC58BE91D1AD9A4005DB5BD /* treasureResult.cpp */ = {isa = PBXFileReference; fileEncoding = 4; lastKnownFileType = sourcecode.cpp.cpp; path = treasureResult.cpp; sourceTree = "<group>"; };
		3EC58BEA1D1AD9A4005DB5BD /* treasureResult.hpp */ = {isa = PBXFileReference; fileEncoding = 4; lastKnownFileType = sourcecode.cpp.h; path = treasureResult.hpp; sourceTree = "<group>"; };
		3EC58BEC1D1B15F4005DB5BD /* algorithm.cpp */ = {isa = PBXFileReference; fileEncoding = 4; lastKnownFileType = sourcecode.cpp.cpp; path = algorithm.cpp; sourceTree = "<group>"; };
		3EC58BED1D1B15F4005DB5BD /* algorithm.hpp */ = {isa = PBXFileReference; fileEncoding = 4; lastKnownFileType = sourcecode.cpp.h; path = algorithm.hpp; sourceTree = "<group>"; };
/* End PBXFileReference section */

/* Begin PBXFrameworksBuildPhase section */
		3EC58BBA1D1A944A005DB5BD /* Frameworks */ = {
			isa = PBXFrameworksBuildPhase;
			buildActionMask = 2147483647;
			files = (
			);
			runOnlyForDeploymentPostprocessing = 0;
		};
/* End PBXFrameworksBuildPhase section */

/* Begin PBXGroup section */
		3EC58BB41D1A944A005DB5BD = {
			isa = PBXGroup;
			children = (
				3EC58BD01D1AC6BB005DB5BD /* Library */,
				3EC58BBF1D1A944A005DB5BD /* Hackday-search-treasure */,
				3EC58BBE1D1A944A005DB5BD /* Products */,
			);
			sourceTree = "<group>";
		};
		3EC58BBE1D1A944A005DB5BD /* Products */ = {
			isa = PBXGroup;
			children = (
				3EC58BBD1D1A944A005DB5BD /* Hackday-search-treasure */,
			);
			name = Products;
			sourceTree = "<group>";
		};
		3EC58BBF1D1A944A005DB5BD /* Hackday-search-treasure */ = {
			isa = PBXGroup;
			children = (
				3EC58BEA1D1AD9A4005DB5BD /* treasureResult.hpp */,
				3EC58BE91D1AD9A4005DB5BD /* treasureResult.cpp */,
				3EC58BED1D1B15F4005DB5BD /* algorithm.hpp */,
				3EC58BEC1D1B15F4005DB5BD /* algorithm.cpp */,
				3EC58BC01D1A944A005DB5BD /* main.cpp */,
				3EC0084B1D1C8899007066DC /* combinator.cpp */,
				3EC0084D1D1C88EF007066DC /* postFormData.cpp */,
			);
			path = "Hackday-search-treasure";
			sourceTree = "<group>";
		};
		3EC58BD01D1AC6BB005DB5BD /* Library */ = {
			isa = PBXGroup;
			children = (
				3EC58BE61D1ACDD7005DB5BD /* tinyxml2.cpp */,
				3EC58BE71D1ACDD7005DB5BD /* tinyxml2.h */,
			);
			name = Library;
			path = "Hackday-search-treasure";
			sourceTree = "<group>";
		};
/* End PBXGroup section */

/* Begin PBXNativeTarget section */
		3EC58BBC1D1A944A005DB5BD /* Hackday-search-treasure */ = {
			isa = PBXNativeTarget;
			buildConfigurationList = 3EC58BC41D1A944A005DB5BD /* Build configuration list for PBXNativeTarget "Hackday-search-treasure" */;
			buildPhases = (
				3EC58BB91D1A944A005DB5BD /* Sources */,
				3EC58BBA1D1A944A005DB5BD /* Frameworks */,
				3EC58BBB1D1A944A005DB5BD /* CopyFiles */,
			);
			buildRules = (
			);
			dependencies = (
			);
			name = "Hackday-search-treasure";
			productName = "Hackday-search-treasure";
			productReference = 3EC58BBD1D1A944A005DB5BD /* Hackday-search-treasure */;
			productType = "com.apple.product-type.tool";
		};
/* End PBXNativeTarget section */

/* Begin PBXProject section */
		3EC58BB51D1A944A005DB5BD /* Project object */ = {
			isa = PBXProject;
			attributes = {
				LastUpgradeCheck = 0730;
				ORGANIZATIONNAME = Jang;
				TargetAttributes = {
					3EC58BBC1D1A944A005DB5BD = {
						CreatedOnToolsVersion = 7.3;
					};
				};
			};
			buildConfigurationList = 3EC58BB81D1A944A005DB5BD /* Build configuration list for PBXProject "Hackday-search-treasure" */;
			compatibilityVersion = "Xcode 3.2";
			developmentRegion = English;
			hasScannedForEncodings = 0;
			knownRegions = (
				en,
			);
			mainGroup = 3EC58BB41D1A944A005DB5BD;
			productRefGroup = 3EC58BBE1D1A944A005DB5BD /* Products */;
			projectDirPath = "";
			projectRoot = "";
			targets = (
				3EC58BBC1D1A944A005DB5BD /* Hackday-search-treasure */,
			);
		};
/* End PBXProject section */

/* Begin PBXSourcesBuildPhase section */
		3EC58BB91D1A944A005DB5BD /* Sources */ = {
			isa = PBXSourcesBuildPhase;
			buildActionMask = 2147483647;
			files = (
				3EC58BEE1D1B15F4005DB5BD /* algorithm.cpp in Sources */,
				3ED4AF221D1BCDB90051A381 /* treasureResult.cpp in Sources */,
				3EC58BC11D1A944A005DB5BD /* main.cpp in Sources */,
				3EC58BE81D1ACDD7005DB5BD /* tinyxml2.cpp in Sources */,
			);
			runOnlyForDeploymentPostprocessing = 0;
		};
/* End PBXSourcesBuildPhase section */

/* Begin XCBuildConfiguration section */
		3EC58BC21D1A944A005DB5BD /* Debug */ = {
			isa = XCBuildConfiguration;
			buildSettings = {
				ALWAYS_SEARCH_USER_PATHS = NO;
				CLANG_ANALYZER_NONNULL = YES;
				CLANG_CXX_LANGUAGE_STANDARD = "gnu++0x";
				CLANG_CXX_LIBRARY = "libc++";
				CLANG_ENABLE_MODULES = YES;
				CLANG_ENABLE_OBJC_ARC = YES;
				CLANG_WARN_BOOL_CONVERSION = YES;
				CLANG_WARN_CONSTANT_CONVERSION = YES;
				CLANG_WARN_DIRECT_OBJC_ISA_USAGE = YES_ERROR;
				CLANG_WARN_EMPTY_BODY = YES;
				CLANG_WARN_ENUM_CONVERSION = YES;
				CLANG_WARN_INT_CONVERSION = YES;
				CLANG_WARN_OBJC_ROOT_CLASS = YES_ERROR;
				CLANG_WARN_UNREACHABLE_CODE = YES;
				CLANG_WARN__DUPLICATE_METHOD_MATCH = YES;
				CODE_SIGN_IDENTITY = "-";
				COPY_PHASE_STRIP = NO;
				DEBUG_INFORMATION_FORMAT = dwarf;
				ENABLE_STRICT_OBJC_MSGSEND = YES;
				ENABLE_TESTABILITY = YES;
				GCC_C_LANGUAGE_STANDARD = gnu99;
				GCC_DYNAMIC_NO_PIC = NO;
				GCC_NO_COMMON_BLOCKS = YES;
				GCC_OPTIMIZATION_LEVEL = 0;
				GCC_PREPROCESSOR_DEFINITIONS = (
					"DEBUG=1",
					"$(inherited)",
				);
				GCC_WARN_64_TO_32_BIT_CONVERSION = YES;
				GCC_WARN_ABOUT_RETURN_TYPE = YES_ERROR;
				GCC_WARN_UNDECLARED_SELECTOR = YES;
				GCC_WARN_UNINITIALIZED_AUTOS = YES_AGGRESSIVE;
				GCC_WARN_UNUSED_FUNCTION = YES;
				GCC_WARN_UNUSED_VARIABLE = YES;
				MACOSX_DEPLOYMENT_TARGET = 10.11;
				MTL_ENABLE_DEBUG_INFO = YES;
				ONLY_ACTIVE_ARCH = YES;
				SDKROOT = macosx;
			};
			name = Debug;
		};
		3EC58BC31D1A944A005DB5BD /* Release */ = {
			isa = XCBuildConfiguration;
			buildSettings = {
				ALWAYS_SEARCH_USER_PATHS = NO;
				CLANG_ANALYZER_NONNULL = YES;
				CLANG_CXX_LANGUAGE_STANDARD = "gnu++0x";
				CLANG_CXX_LIBRARY = "libc++";
				CLANG_ENABLE_MODULES = YES;
				CLANG_ENABLE_OBJC_ARC = YES;
				CLANG_WARN_BOOL_CONVERSION = YES;
				CLANG_WARN_CONSTANT_CONVERSION = YES;
				CLANG_WARN_DIRECT_OBJC_ISA_USAGE = YES_ERROR;
				CLANG_WARN_EMPTY_BODY = YES;
				CLANG_WARN_ENUM_CONVERSION = YES;
				CLANG_WARN_INT_CONVERSION = YES;
				CLANG_WARN_OBJC_ROOT_CLASS = YES_ERROR;
				CLANG_WARN_UNREACHABLE_CODE = YES;
				CLANG_WARN__DUPLICATE_METHOD_MATCH = YES;
				CODE_SIGN_IDENTITY = "-";
				COPY_PHASE_STRIP = NO;
				DEBUG_INFORMATION_FORMAT = "dwarf-with-dsym";
				ENABLE_NS_ASSERTIONS = NO;
				ENABLE_STRICT_OBJC_MSGSEND = YES;
				GCC_C_LANGUAGE_STANDARD = gnu99;
				GCC_NO_COMMON_BLOCKS = YES;
				GCC_WARN_64_TO_32_BIT_CONVERSION = YES;
				GCC_WARN_ABOUT_RETURN_TYPE = YES_ERROR;
				GCC_WARN_UNDECLARED_SELECTOR = YES;
				GCC_WARN_UNINITIALIZED_AUTOS = YES_AGGRESSIVE;
				GCC_WARN_UNUSED_FUNCTION = YES;
				GCC_WARN_UNUSED_VARIABLE = YES;
				MACOSX_DEPLOYMENT_TARGET = 10.11;
				MTL_ENABLE_DEBUG_INFO = NO;
				SDKROOT = macosx;
			};
			name = Release;
		};
		3EC58BC51D1A944A005DB5BD /* Debug */ = {
			isa = XCBuildConfiguration;
			buildSettings = {
				OTHER_LDFLAGS = "-lcurl";
				PRODUCT_NAME = "$(TARGET_NAME)";
			};
			name = Debug;
		};
		3EC58BC61D1A944A005DB5BD /* Release */ = {
			isa = XCBuildConfiguration;
			buildSettings = {
				OTHER_LDFLAGS = "-lcurl";
				PRODUCT_NAME = "$(TARGET_NAME)";
			};
			name = Release;
		};
/* End XCBuildConfiguration section */

/* Begin XCConfigurationList section */
		3EC58BB81D1A944A005DB5BD /* Build configuration list for PBXProject "Hackday-search-treasure" */ = {
			isa = XCConfigurationList;
			buildConfigurations = (
				3EC58BC21D1A944A005DB5BD /* Debug */,
				3EC58BC31D1A944A005DB5BD /* Release */,
			);
			defaultConfigurationIsVisible = 0;
			defaultConfigurationName = Release;
		};
		3EC58BC41D1A944A005DB5BD /* Build configuration list for PBXNativeTarget "Hackday-search-treasure" */ = {
			isa = XCConfigurationList;
			buildConfigurations = (
				3EC58BC51D1A944A005DB5BD /* Debug */,
				3EC58BC61D1A944A005DB5BD /* Release */,
			);
			defaultConfigurationIsVisible = 0;
			defaultConfigurationName = Release;
		};
/* End XCConfigurationList section */
	};
	rootObject = 3EC58BB51D1A944A005DB5BD /* Project object */;
}
